
Microsoft Visual Studio Solution File, Format Version 11.00
# Visual Studio 2010
Project("{8BC9CEB8-8B4A-11D0-8D11-00A0C91BC942}") = "Задание 18", "Задание 18\Задание 18.vcxproj", "{93E19234-A8EF-42FD-B387-78349B8CB813}"
EndProject
Global
	GlobalSection(SolutionConfigurationPlatforms) = preSolution
		Debug|Win32 = Debug|Win32
		Release|Win32 = Release|Win32
	EndGlobalSection
	GlobalSection(ProjectConfigurationPlatforms) = postSolution
		{93E19234-A8EF-42FD-B387-78349B8CB813}.Debug|Win32.ActiveCfg = Debug|Win32
		{93E19234-A8EF-42FD-B387-78349B8CB813}.Debug|Win32.Build.0 = Debug|Win32
		{93E19234-A8EF-42FD-B387-78349B8CB813}.Release|Win32.ActiveCfg = Release|Win32
		{93E19234-A8EF-42FD-B387-78349B8CB813}.Release|Win32.Build.0 = Release|Win32
	EndGlobalSection
	GlobalSection(SolutionProperties) = preSolution
		HideSolutionNode = FALSE
	EndGlobalSection
EndGlobal
